
Microsoft Visual Studio Solution File, Format Version 12.00
# Visual Studio Version 17
VisualStudioVersion = 17.11.35222.181
MinimumVisualStudioVersion = 10.0.40219.1
Project("{FAE04EC0-301F-11D3-BF4B-00C04F79EFBC}") = "FluidDev.Backend", "FluidDev.Backend.csproj", "{F6FEA4F1-6A83-4EDD-903E-D901C8DCF515}"
EndProject
Global
	GlobalSection(SolutionConfigurationPlatforms) = preSolution
		Debug|Any CPU = Debug|Any CPU
		Release|Any CPU = Release|Any CPU
	EndGlobalSection
	GlobalSection(ProjectConfigurationPlatforms) = postSolution
		{F6FEA4F1-6A83-4EDD-903E-D901C8DCF515}.Debug|Any CPU.ActiveCfg = Debug|Any CPU
		{F6FEA4F1-6A83-4EDD-903E-D901C8DCF515}.Debug|Any CPU.Build.0 = Debug|Any CPU
		{F6FEA4F1-6A83-4EDD-903E-D901C8DCF515}.Release|Any CPU.ActiveCfg = Release|Any CPU
		{F6FEA4F1-6A83-4EDD-903E-D901C8DCF515}.Release|Any CPU.Build.0 = Release|Any CPU
	EndGlobalSection
	GlobalSection(SolutionProperties) = preSolution
		HideSolutionNode = FALSE
	EndGlobalSection
	GlobalSection(ExtensibilityGlobals) = postSolution
		SolutionGuid = {004B7B09-4437-40B8-B52D-0B4405C758CE}
	EndGlobalSection
EndGlobal
